
Microsoft Visual Studio Solution File, Format Version 12.00
# Visual Studio Version 17
VisualStudioVersion = 17.14.36202.13
MinimumVisualStudioVersion = 10.0.40219.1
Project("{2150E333-8FDC-42A3-9474-1A3956D46DE8}") = "src", "src", "{02EA681E-C7D8-13C7-8484-4AC65E1B71E8}"
EndProject
Project("{FAE04EC0-301F-11D3-BF4B-00C04F79EFBC}") = "Easy.Mediator", "src\Easy.Mediator\Easy.Mediator.csproj", "{928C1794-D9B8-9BFF-13C3-39106BF8534B}"
EndProject
Project("{2150E333-8FDC-42A3-9474-1A3956D46DE8}") = "samples", "samples", "{5D15FA13-D60C-4A24-AB8B-13D1E690100E}"
EndProject
Project("{FAE04EC0-301F-11D3-BF4B-00C04F79EFBC}") = "Easy.Mediator.Abstractions", "src\Easy.Mediator.Abstractions\Easy.Mediator.Abstractions.csproj", "{5AD0666A-87BD-43BE-81C3-B47F1ABBA752}"
EndProject
Project("{FAE04EC0-301F-11D3-BF4B-00C04F79EFBC}") = "Easy.Mediator.Sample.Send", "samples\Easy.Mediator.Sample.Send\Easy.Mediator.Sample.Send.csproj", "{627233C1-27D4-0B22-6572-780F7E38FB08}"
EndProject
Project("{FAE04EC0-301F-11D3-BF4B-00C04F79EFBC}") = "Easy.Mediator.Sample.Publish", "samples\Easy.Mediator.Sample.Publish\Easy.Mediator.Sample.Publish.csproj", "{AF986D80-E60D-E5F0-E5FF-F0FF576E1428}"
EndProject
Project("{2150E333-8FDC-42A3-9474-1A3956D46DE8}") = "tests", "tests", "{AA1FAED6-CEE1-44B2-BDB2-BA5422324D0B}"
EndProject
Project("{FAE04EC0-301F-11D3-BF4B-00C04F79EFBC}") = "Easy.Mediator.UnitTests", "tests\Easy.Mediator.UnitTests\Easy.Mediator.UnitTests.csproj", "{D11BAF2F-1687-447D-9FD0-B7B2C9B50035}"
EndProject
Project("{FAE04EC0-301F-11D3-BF4B-00C04F79EFBC}") = "Easy.Mediator.UnitTests.Utils", "tests\Easy.Mediator.UnitTests.Utils\Easy.Mediator.UnitTests.Utils.csproj", "{8A1F8FC5-DF08-472F-B9CC-B40297C37AA9}"
EndProject
Global
	GlobalSection(SolutionConfigurationPlatforms) = preSolution
		Debug|Any CPU = Debug|Any CPU
		Release|Any CPU = Release|Any CPU
	EndGlobalSection
	GlobalSection(ProjectConfigurationPlatforms) = postSolution
		{928C1794-D9B8-9BFF-13C3-39106BF8534B}.Debug|Any CPU.ActiveCfg = Debug|Any CPU
		{928C1794-D9B8-9BFF-13C3-39106BF8534B}.Debug|Any CPU.Build.0 = Debug|Any CPU
		{928C1794-D9B8-9BFF-13C3-39106BF8534B}.Release|Any CPU.ActiveCfg = Release|Any CPU
		{928C1794-D9B8-9BFF-13C3-39106BF8534B}.Release|Any CPU.Build.0 = Release|Any CPU
		{5AD0666A-87BD-43BE-81C3-B47F1ABBA752}.Debug|Any CPU.ActiveCfg = Debug|Any CPU
		{5AD0666A-87BD-43BE-81C3-B47F1ABBA752}.Debug|Any CPU.Build.0 = Debug|Any CPU
		{5AD0666A-87BD-43BE-81C3-B47F1ABBA752}.Release|Any CPU.ActiveCfg = Release|Any CPU
		{5AD0666A-87BD-43BE-81C3-B47F1ABBA752}.Release|Any CPU.Build.0 = Release|Any CPU
		{627233C1-27D4-0B22-6572-780F7E38FB08}.Debug|Any CPU.ActiveCfg = Debug|Any CPU
		{627233C1-27D4-0B22-6572-780F7E38FB08}.Debug|Any CPU.Build.0 = Debug|Any CPU
		{627233C1-27D4-0B22-6572-780F7E38FB08}.Release|Any CPU.ActiveCfg = Release|Any CPU
		{627233C1-27D4-0B22-6572-780F7E38FB08}.Release|Any CPU.Build.0 = Release|Any CPU
		{AF986D80-E60D-E5F0-E5FF-F0FF576E1428}.Debug|Any CPU.ActiveCfg = Debug|Any CPU
		{AF986D80-E60D-E5F0-E5FF-F0FF576E1428}.Debug|Any CPU.Build.0 = Debug|Any CPU
		{AF986D80-E60D-E5F0-E5FF-F0FF576E1428}.Release|Any CPU.ActiveCfg = Release|Any CPU
		{AF986D80-E60D-E5F0-E5FF-F0FF576E1428}.Release|Any CPU.Build.0 = Release|Any CPU
		{D11BAF2F-1687-447D-9FD0-B7B2C9B50035}.Debug|Any CPU.ActiveCfg = Debug|Any CPU
		{D11BAF2F-1687-447D-9FD0-B7B2C9B50035}.Debug|Any CPU.Build.0 = Debug|Any CPU
		{D11BAF2F-1687-447D-9FD0-B7B2C9B50035}.Release|Any CPU.ActiveCfg = Release|Any CPU
		{D11BAF2F-1687-447D-9FD0-B7B2C9B50035}.Release|Any CPU.Build.0 = Release|Any CPU
		{8A1F8FC5-DF08-472F-B9CC-B40297C37AA9}.Debug|Any CPU.ActiveCfg = Debug|Any CPU
		{8A1F8FC5-DF08-472F-B9CC-B40297C37AA9}.Debug|Any CPU.Build.0 = Debug|Any CPU
		{8A1F8FC5-DF08-472F-B9CC-B40297C37AA9}.Release|Any CPU.ActiveCfg = Release|Any CPU
		{8A1F8FC5-DF08-472F-B9CC-B40297C37AA9}.Release|Any CPU.Build.0 = Release|Any CPU
	EndGlobalSection
	GlobalSection(SolutionProperties) = preSolution
		HideSolutionNode = FALSE
	EndGlobalSection
	GlobalSection(NestedProjects) = preSolution
		{928C1794-D9B8-9BFF-13C3-39106BF8534B} = {02EA681E-C7D8-13C7-8484-4AC65E1B71E8}
		{5AD0666A-87BD-43BE-81C3-B47F1ABBA752} = {02EA681E-C7D8-13C7-8484-4AC65E1B71E8}
		{627233C1-27D4-0B22-6572-780F7E38FB08} = {5D15FA13-D60C-4A24-AB8B-13D1E690100E}
		{AF986D80-E60D-E5F0-E5FF-F0FF576E1428} = {5D15FA13-D60C-4A24-AB8B-13D1E690100E}
		{D11BAF2F-1687-447D-9FD0-B7B2C9B50035} = {AA1FAED6-CEE1-44B2-BDB2-BA5422324D0B}
		{8A1F8FC5-DF08-472F-B9CC-B40297C37AA9} = {AA1FAED6-CEE1-44B2-BDB2-BA5422324D0B}
	EndGlobalSection
	GlobalSection(ExtensibilityGlobals) = postSolution
		SolutionGuid = {66FA4BF0-30A2-4914-A497-12B5F36A8093}
	EndGlobalSection
EndGlobal
